
Microsoft Visual Studio Solution File, Format Version 12.00
# Visual Studio Version 16
VisualStudioVersion = 16.0.30804.86
MinimumVisualStudioVersion = 10.0.40219.1
Project("{2150E333-8FDC-42A3-9474-1A3956D46DE8}") = "Producer", "Producer", "{ABFB3244-1F81-4ED3-99CA-FB8BFA6105A9}"
EndProject
Project("{FAE04EC0-301F-11D3-BF4B-00C04F79EFBC}") = "KafkaProducerConsumer.Producer", "Src\KafkaProducerConsumer.Producer\KafkaProducerConsumer.Producer.csproj", "{811BC3B5-4743-4A4B-B217-26415F16F81D}"
EndProject
Project("{2150E333-8FDC-42A3-9474-1A3956D46DE8}") = "Consumer", "Consumer", "{F935D370-D711-46B6-A3DA-442303901F42}"
EndProject
Project("{FAE04EC0-301F-11D3-BF4B-00C04F79EFBC}") = "KafkaProducerConsumer.Consumer", "Src\KafkaProducerConsumer.Consumer\KafkaProducerConsumer.Consumer.csproj", "{B86E45A0-E00C-4D94-84EE-4D6398357205}"
EndProject
Global
	GlobalSection(SolutionConfigurationPlatforms) = preSolution
		Debug|Any CPU = Debug|Any CPU
		Release|Any CPU = Release|Any CPU
	EndGlobalSection
	GlobalSection(ProjectConfigurationPlatforms) = postSolution
		{811BC3B5-4743-4A4B-B217-26415F16F81D}.Debug|Any CPU.ActiveCfg = Debug|Any CPU
		{811BC3B5-4743-4A4B-B217-26415F16F81D}.Debug|Any CPU.Build.0 = Debug|Any CPU
		{811BC3B5-4743-4A4B-B217-26415F16F81D}.Release|Any CPU.ActiveCfg = Release|Any CPU
		{811BC3B5-4743-4A4B-B217-26415F16F81D}.Release|Any CPU.Build.0 = Release|Any CPU
		{B86E45A0-E00C-4D94-84EE-4D6398357205}.Debug|Any CPU.ActiveCfg = Debug|Any CPU
		{B86E45A0-E00C-4D94-84EE-4D6398357205}.Debug|Any CPU.Build.0 = Debug|Any CPU
		{B86E45A0-E00C-4D94-84EE-4D6398357205}.Release|Any CPU.ActiveCfg = Release|Any CPU
		{B86E45A0-E00C-4D94-84EE-4D6398357205}.Release|Any CPU.Build.0 = Release|Any CPU
	EndGlobalSection
	GlobalSection(SolutionProperties) = preSolution
		HideSolutionNode = FALSE
	EndGlobalSection
	GlobalSection(NestedProjects) = preSolution
		{811BC3B5-4743-4A4B-B217-26415F16F81D} = {ABFB3244-1F81-4ED3-99CA-FB8BFA6105A9}
		{B86E45A0-E00C-4D94-84EE-4D6398357205} = {F935D370-D711-46B6-A3DA-442303901F42}
	EndGlobalSection
	GlobalSection(ExtensibilityGlobals) = postSolution
		SolutionGuid = {50D733B8-3C73-47C5-BF52-862C5B9BD34A}
	EndGlobalSection
EndGlobal
